{
  "object": {
    "pins": [
      {
        "package": "libxml",
        "repositoryURL": "https://github.com/readdle/swift-libxml.git",
        "state": {
          "branch": null,
          "revision": "acd01fa33b21a017370ff37f1b4bca4ec7a4b343",
          "version": "0.0.3"
        }
      }
    ]
  },
  "version": 1
}
