{
  "object": {
    "pins": [
      {
        "package": "libxml2",
        "repositoryURL": "https://github.com/readdle/swift-libxml.git",
        "state": {
          "branch": "libxml2",
          "revision": "a200f73597ce7d03d32e7756b86d1b40c41ff46e",
          "version": null
        }
      }
    ]
  },
  "version": 1
}
